# This file is automatically @generated by Poetry 2.1.2 and should not be changed by hand.

[[package]]
name = "rm-lines-sys"
version = "1.0.2"
description = "This project holds the dynamic library and bindings for python."
optional = false
python-versions = ">=3.9"
groups = ["main", "dev"]
files = [
    {file = "rm_lines_sys-1.0.2-py3-none-manylinux_2_39_x86_64.whl", hash = "sha256:de5382a5a1d206eb2cb19f8776d2a79ad9948accae947815743cb6ae457ec4fd"},
    {file = "rm_lines_sys-1.0.2-py3-none-win_amd64.whl", hash = "sha256:df3edcae556e5b084a5aafe11c101667c9987cf02ba327e1a2ead877525c2205"},
]

[metadata]
lock-version = "2.1"
python-versions = ">=3.13"
content-hash = "4cb2c7b01a69f7f2fa9f730158dc885d4890fc7ec2ddff95d3e16582f9b84104"
